
Microsoft Visual Studio Solution File, Format Version 12.00
# Visual Studio Version 16
VisualStudioVersion = 16.0.31105.61
MinimumVisualStudioVersion = 10.0.40219.1
Project("{8BC9CEB8-8B4A-11D0-8D11-00A0C91BC942}") = "TwoNumbersThatAddUp", "TwoNumbersThatAddUp\TwoNumbersThatAddUp.vcxproj", "{4F0F3876-06ED-4D74-89D3-A598ADDBF1F9}"
EndProject
Project("{8BC9CEB8-8B4A-11D0-8D11-00A0C91BC942}") = "AdditionalFiles", "AdditionalFiles\AdditionalFiles.vcxproj", "{BF331209-142F-4B0E-B97E-4460D630D2BB}"
EndProject
Project("{8BC9CEB8-8B4A-11D0-8D11-00A0C91BC942}") = "SearchInARotatedArray", "SearchInARotatedArray\SearchInARotatedArray.vcxproj", "{7CF5C22E-D9EA-4670-9D6D-C068D766EBD9}"
	ProjectSection(ProjectDependencies) = postProject
		{BF331209-142F-4B0E-B97E-4460D630D2BB} = {BF331209-142F-4B0E-B97E-4460D630D2BB}
	EndProjectSection
EndProject
Project("{8BC9CEB8-8B4A-11D0-8D11-00A0C91BC942}") = "GroupAnagrams", "GroupAnagrams\GroupAnagrams.vcxproj", "{C2D39769-0A70-4F08-9B11-42149433DBBB}"
EndProject
Global
	GlobalSection(SolutionConfigurationPlatforms) = preSolution
		Debug|x64 = Debug|x64
		Debug|x86 = Debug|x86
		Release|x64 = Release|x64
		Release|x86 = Release|x86
	EndGlobalSection
	GlobalSection(ProjectConfigurationPlatforms) = postSolution
		{4F0F3876-06ED-4D74-89D3-A598ADDBF1F9}.Debug|x64.ActiveCfg = Debug|x64
		{4F0F3876-06ED-4D74-89D3-A598ADDBF1F9}.Debug|x64.Build.0 = Debug|x64
		{4F0F3876-06ED-4D74-89D3-A598ADDBF1F9}.Debug|x86.ActiveCfg = Debug|Win32
		{4F0F3876-06ED-4D74-89D3-A598ADDBF1F9}.Debug|x86.Build.0 = Debug|Win32
		{4F0F3876-06ED-4D74-89D3-A598ADDBF1F9}.Release|x64.ActiveCfg = Release|x64
		{4F0F3876-06ED-4D74-89D3-A598ADDBF1F9}.Release|x64.Build.0 = Release|x64
		{4F0F3876-06ED-4D74-89D3-A598ADDBF1F9}.Release|x86.ActiveCfg = Release|Win32
		{4F0F3876-06ED-4D74-89D3-A598ADDBF1F9}.Release|x86.Build.0 = Release|Win32
		{BF331209-142F-4B0E-B97E-4460D630D2BB}.Debug|x64.ActiveCfg = Debug|x64
		{BF331209-142F-4B0E-B97E-4460D630D2BB}.Debug|x64.Build.0 = Debug|x64
		{BF331209-142F-4B0E-B97E-4460D630D2BB}.Debug|x86.ActiveCfg = Debug|Win32
		{BF331209-142F-4B0E-B97E-4460D630D2BB}.Debug|x86.Build.0 = Debug|Win32
		{BF331209-142F-4B0E-B97E-4460D630D2BB}.Release|x64.ActiveCfg = Release|x64
		{BF331209-142F-4B0E-B97E-4460D630D2BB}.Release|x64.Build.0 = Release|x64
		{BF331209-142F-4B0E-B97E-4460D630D2BB}.Release|x86.ActiveCfg = Release|Win32
		{BF331209-142F-4B0E-B97E-4460D630D2BB}.Release|x86.Build.0 = Release|Win32
		{7CF5C22E-D9EA-4670-9D6D-C068D766EBD9}.Debug|x64.ActiveCfg = Debug|x64
		{7CF5C22E-D9EA-4670-9D6D-C068D766EBD9}.Debug|x64.Build.0 = Debug|x64
		{7CF5C22E-D9EA-4670-9D6D-C068D766EBD9}.Debug|x86.ActiveCfg = Debug|Win32
		{7CF5C22E-D9EA-4670-9D6D-C068D766EBD9}.Debug|x86.Build.0 = Debug|Win32
		{7CF5C22E-D9EA-4670-9D6D-C068D766EBD9}.Release|x64.ActiveCfg = Release|x64
		{7CF5C22E-D9EA-4670-9D6D-C068D766EBD9}.Release|x64.Build.0 = Release|x64
		{7CF5C22E-D9EA-4670-9D6D-C068D766EBD9}.Release|x86.ActiveCfg = Release|Win32
		{7CF5C22E-D9EA-4670-9D6D-C068D766EBD9}.Release|x86.Build.0 = Release|Win32
		{C2D39769-0A70-4F08-9B11-42149433DBBB}.Debug|x64.ActiveCfg = Debug|x64
		{C2D39769-0A70-4F08-9B11-42149433DBBB}.Debug|x64.Build.0 = Debug|x64
		{C2D39769-0A70-4F08-9B11-42149433DBBB}.Debug|x86.ActiveCfg = Debug|Win32
		{C2D39769-0A70-4F08-9B11-42149433DBBB}.Debug|x86.Build.0 = Debug|Win32
		{C2D39769-0A70-4F08-9B11-42149433DBBB}.Release|x64.ActiveCfg = Release|x64
		{C2D39769-0A70-4F08-9B11-42149433DBBB}.Release|x64.Build.0 = Release|x64
		{C2D39769-0A70-4F08-9B11-42149433DBBB}.Release|x86.ActiveCfg = Release|Win32
		{C2D39769-0A70-4F08-9B11-42149433DBBB}.Release|x86.Build.0 = Release|Win32
	EndGlobalSection
	GlobalSection(SolutionProperties) = preSolution
		HideSolutionNode = FALSE
	EndGlobalSection
	GlobalSection(ExtensibilityGlobals) = postSolution
		SolutionGuid = {92979D16-8943-4025-8333-6DC14F16B536}
	EndGlobalSection
EndGlobal
