
Microsoft Visual Studio Solution File, Format Version 12.00
# Visual Studio Version 16
VisualStudioVersion = 16.0.31105.61
MinimumVisualStudioVersion = 10.0.40219.1
Project("{8BC9CEB8-8B4A-11D0-8D11-00A0C91BC942}") = "TwoNumbersThatAddUp", "TwoNumbersThatAddUp\TwoNumbersThatAddUp.vcxproj", "{4F0F3876-06ED-4D74-89D3-A598ADDBF1F9}"
EndProject
Project("{8BC9CEB8-8B4A-11D0-8D11-00A0C91BC942}") = "AdditionalFiles", "AdditionalFiles\AdditionalFiles.vcxproj", "{BF331209-142F-4B0E-B97E-4460D630D2BB}"
EndProject
Project("{8BC9CEB8-8B4A-11D0-8D11-00A0C91BC942}") = "SearchInARotatedArray", "SearchInARotatedArray\SearchInARotatedArray.vcxproj", "{7CF5C22E-D9EA-4670-9D6D-C068D766EBD9}"
	ProjectSection(ProjectDependencies) = postProject
		{BF331209-142F-4B0E-B97E-4460D630D2BB} = {BF331209-142F-4B0E-B97E-4460D630D2BB}
	EndProjectSection
EndProject
Project("{8BC9CEB8-8B4A-11D0-8D11-00A0C91BC942}") = "GroupAnagrams", "GroupAnagrams\GroupAnagrams.vcxproj", "{C2D39769-0A70-4F08-9B11-42149433DBBB}"
EndProject
Project("{8BC9CEB8-8B4A-11D0-8D11-00A0C91BC942}") = "MedianOfSortedArrays", "MedianOfSortedArrays\MedianOfSortedArrays.vcxproj", "{9188A332-CBE3-4C4C-BF12-C08582CC7629}"
EndProject
Project("{8BC9CEB8-8B4A-11D0-8D11-00A0C91BC942}") = "SearchinSortedMatrix", "SearchinSortedMatrix\SearchinSortedMatrix.vcxproj", "{401745AF-1A5C-4BE4-8C38-49666C0A6710}"
EndProject
Project("{8BC9CEB8-8B4A-11D0-8D11-00A0C91BC942}") = "CountElementOccurrence", "CountElementOccurrence\CountElementOccurrence.vcxproj", "{737AF313-4BA9-47B1-9FF8-E736D844E86B}"
EndProject
Project("{8BC9CEB8-8B4A-11D0-8D11-00A0C91BC942}") = "SparseSearch", "SparseSearch\SparseSearch.vcxproj", "{B95937C2-12CE-4DA0-B1E7-C1B817553695}"
EndProject
Project("{8BC9CEB8-8B4A-11D0-8D11-00A0C91BC942}") = "DutchNationalFlagProblem", "DutchNationalFlagProblem\DutchNationalFlagProblem.vcxproj", "{622B1819-EB46-4564-A359-5E095EEAD863}"
EndProject
Project("{8BC9CEB8-8B4A-11D0-8D11-00A0C91BC942}") = "SearchInsertPosition", "SearchInsertPosition\SearchInsertPosition.vcxproj", "{7FD3004B-53CB-4E1B-93F9-ACFF05B66830}"
EndProject
Project("{8BC9CEB8-8B4A-11D0-8D11-00A0C91BC942}") = "BreadthFirstGraphTraversal", "BreadthFirstGraphTraversal\BreadthFirstGraphTraversal.vcxproj", "{C140FA31-4C65-4596-81A5-0279B168F850}"
EndProject
Project("{8BC9CEB8-8B4A-11D0-8D11-00A0C91BC942}") = "DepthFirstTraversal", "DepthFirstTraversal\DepthFirstTraversal.vcxproj", "{A685D9D4-6D5E-41FC-BBA5-15091A846715}"
EndProject
Project("{8BC9CEB8-8B4A-11D0-8D11-00A0C91BC942}") = "NodesOnLevel", "NodesOnLevel\NodesOnLevel.vcxproj", "{1FCF5346-9BCB-470D-B963-6E58ED95E453}"
EndProject
Global
	GlobalSection(SolutionConfigurationPlatforms) = preSolution
		Debug|x64 = Debug|x64
		Debug|x86 = Debug|x86
		Release|x64 = Release|x64
		Release|x86 = Release|x86
	EndGlobalSection
	GlobalSection(ProjectConfigurationPlatforms) = postSolution
		{4F0F3876-06ED-4D74-89D3-A598ADDBF1F9}.Debug|x64.ActiveCfg = Debug|x64
		{4F0F3876-06ED-4D74-89D3-A598ADDBF1F9}.Debug|x64.Build.0 = Debug|x64
		{4F0F3876-06ED-4D74-89D3-A598ADDBF1F9}.Debug|x86.ActiveCfg = Debug|Win32
		{4F0F3876-06ED-4D74-89D3-A598ADDBF1F9}.Debug|x86.Build.0 = Debug|Win32
		{4F0F3876-06ED-4D74-89D3-A598ADDBF1F9}.Release|x64.ActiveCfg = Release|x64
		{4F0F3876-06ED-4D74-89D3-A598ADDBF1F9}.Release|x64.Build.0 = Release|x64
		{4F0F3876-06ED-4D74-89D3-A598ADDBF1F9}.Release|x86.ActiveCfg = Release|Win32
		{4F0F3876-06ED-4D74-89D3-A598ADDBF1F9}.Release|x86.Build.0 = Release|Win32
		{BF331209-142F-4B0E-B97E-4460D630D2BB}.Debug|x64.ActiveCfg = Debug|x64
		{BF331209-142F-4B0E-B97E-4460D630D2BB}.Debug|x64.Build.0 = Debug|x64
		{BF331209-142F-4B0E-B97E-4460D630D2BB}.Debug|x86.ActiveCfg = Debug|Win32
		{BF331209-142F-4B0E-B97E-4460D630D2BB}.Debug|x86.Build.0 = Debug|Win32
		{BF331209-142F-4B0E-B97E-4460D630D2BB}.Release|x64.ActiveCfg = Release|x64
		{BF331209-142F-4B0E-B97E-4460D630D2BB}.Release|x64.Build.0 = Release|x64
		{BF331209-142F-4B0E-B97E-4460D630D2BB}.Release|x86.ActiveCfg = Release|Win32
		{BF331209-142F-4B0E-B97E-4460D630D2BB}.Release|x86.Build.0 = Release|Win32
		{7CF5C22E-D9EA-4670-9D6D-C068D766EBD9}.Debug|x64.ActiveCfg = Debug|x64
		{7CF5C22E-D9EA-4670-9D6D-C068D766EBD9}.Debug|x64.Build.0 = Debug|x64
		{7CF5C22E-D9EA-4670-9D6D-C068D766EBD9}.Debug|x86.ActiveCfg = Debug|Win32
		{7CF5C22E-D9EA-4670-9D6D-C068D766EBD9}.Debug|x86.Build.0 = Debug|Win32
		{7CF5C22E-D9EA-4670-9D6D-C068D766EBD9}.Release|x64.ActiveCfg = Release|x64
		{7CF5C22E-D9EA-4670-9D6D-C068D766EBD9}.Release|x64.Build.0 = Release|x64
		{7CF5C22E-D9EA-4670-9D6D-C068D766EBD9}.Release|x86.ActiveCfg = Release|Win32
		{7CF5C22E-D9EA-4670-9D6D-C068D766EBD9}.Release|x86.Build.0 = Release|Win32
		{C2D39769-0A70-4F08-9B11-42149433DBBB}.Debug|x64.ActiveCfg = Debug|x64
		{C2D39769-0A70-4F08-9B11-42149433DBBB}.Debug|x64.Build.0 = Debug|x64
		{C2D39769-0A70-4F08-9B11-42149433DBBB}.Debug|x86.ActiveCfg = Debug|Win32
		{C2D39769-0A70-4F08-9B11-42149433DBBB}.Debug|x86.Build.0 = Debug|Win32
		{C2D39769-0A70-4F08-9B11-42149433DBBB}.Release|x64.ActiveCfg = Release|x64
		{C2D39769-0A70-4F08-9B11-42149433DBBB}.Release|x64.Build.0 = Release|x64
		{C2D39769-0A70-4F08-9B11-42149433DBBB}.Release|x86.ActiveCfg = Release|Win32
		{C2D39769-0A70-4F08-9B11-42149433DBBB}.Release|x86.Build.0 = Release|Win32
		{9188A332-CBE3-4C4C-BF12-C08582CC7629}.Debug|x64.ActiveCfg = Debug|x64
		{9188A332-CBE3-4C4C-BF12-C08582CC7629}.Debug|x64.Build.0 = Debug|x64
		{9188A332-CBE3-4C4C-BF12-C08582CC7629}.Debug|x86.ActiveCfg = Debug|Win32
		{9188A332-CBE3-4C4C-BF12-C08582CC7629}.Debug|x86.Build.0 = Debug|Win32
		{9188A332-CBE3-4C4C-BF12-C08582CC7629}.Release|x64.ActiveCfg = Release|x64
		{9188A332-CBE3-4C4C-BF12-C08582CC7629}.Release|x64.Build.0 = Release|x64
		{9188A332-CBE3-4C4C-BF12-C08582CC7629}.Release|x86.ActiveCfg = Release|Win32
		{9188A332-CBE3-4C4C-BF12-C08582CC7629}.Release|x86.Build.0 = Release|Win32
		{401745AF-1A5C-4BE4-8C38-49666C0A6710}.Debug|x64.ActiveCfg = Debug|x64
		{401745AF-1A5C-4BE4-8C38-49666C0A6710}.Debug|x64.Build.0 = Debug|x64
		{401745AF-1A5C-4BE4-8C38-49666C0A6710}.Debug|x86.ActiveCfg = Debug|Win32
		{401745AF-1A5C-4BE4-8C38-49666C0A6710}.Debug|x86.Build.0 = Debug|Win32
		{401745AF-1A5C-4BE4-8C38-49666C0A6710}.Release|x64.ActiveCfg = Release|x64
		{401745AF-1A5C-4BE4-8C38-49666C0A6710}.Release|x64.Build.0 = Release|x64
		{401745AF-1A5C-4BE4-8C38-49666C0A6710}.Release|x86.ActiveCfg = Release|Win32
		{401745AF-1A5C-4BE4-8C38-49666C0A6710}.Release|x86.Build.0 = Release|Win32
		{737AF313-4BA9-47B1-9FF8-E736D844E86B}.Debug|x64.ActiveCfg = Debug|x64
		{737AF313-4BA9-47B1-9FF8-E736D844E86B}.Debug|x64.Build.0 = Debug|x64
		{737AF313-4BA9-47B1-9FF8-E736D844E86B}.Debug|x86.ActiveCfg = Debug|Win32
		{737AF313-4BA9-47B1-9FF8-E736D844E86B}.Debug|x86.Build.0 = Debug|Win32
		{737AF313-4BA9-47B1-9FF8-E736D844E86B}.Release|x64.ActiveCfg = Release|x64
		{737AF313-4BA9-47B1-9FF8-E736D844E86B}.Release|x64.Build.0 = Release|x64
		{737AF313-4BA9-47B1-9FF8-E736D844E86B}.Release|x86.ActiveCfg = Release|Win32
		{737AF313-4BA9-47B1-9FF8-E736D844E86B}.Release|x86.Build.0 = Release|Win32
		{B95937C2-12CE-4DA0-B1E7-C1B817553695}.Debug|x64.ActiveCfg = Debug|x64
		{B95937C2-12CE-4DA0-B1E7-C1B817553695}.Debug|x64.Build.0 = Debug|x64
		{B95937C2-12CE-4DA0-B1E7-C1B817553695}.Debug|x86.ActiveCfg = Debug|Win32
		{B95937C2-12CE-4DA0-B1E7-C1B817553695}.Debug|x86.Build.0 = Debug|Win32
		{B95937C2-12CE-4DA0-B1E7-C1B817553695}.Release|x64.ActiveCfg = Release|x64
		{B95937C2-12CE-4DA0-B1E7-C1B817553695}.Release|x64.Build.0 = Release|x64
		{B95937C2-12CE-4DA0-B1E7-C1B817553695}.Release|x86.ActiveCfg = Release|Win32
		{B95937C2-12CE-4DA0-B1E7-C1B817553695}.Release|x86.Build.0 = Release|Win32
		{622B1819-EB46-4564-A359-5E095EEAD863}.Debug|x64.ActiveCfg = Debug|x64
		{622B1819-EB46-4564-A359-5E095EEAD863}.Debug|x64.Build.0 = Debug|x64
		{622B1819-EB46-4564-A359-5E095EEAD863}.Debug|x86.ActiveCfg = Debug|Win32
		{622B1819-EB46-4564-A359-5E095EEAD863}.Debug|x86.Build.0 = Debug|Win32
		{622B1819-EB46-4564-A359-5E095EEAD863}.Release|x64.ActiveCfg = Release|x64
		{622B1819-EB46-4564-A359-5E095EEAD863}.Release|x64.Build.0 = Release|x64
		{622B1819-EB46-4564-A359-5E095EEAD863}.Release|x86.ActiveCfg = Release|Win32
		{622B1819-EB46-4564-A359-5E095EEAD863}.Release|x86.Build.0 = Release|Win32
		{7FD3004B-53CB-4E1B-93F9-ACFF05B66830}.Debug|x64.ActiveCfg = Debug|x64
		{7FD3004B-53CB-4E1B-93F9-ACFF05B66830}.Debug|x64.Build.0 = Debug|x64
		{7FD3004B-53CB-4E1B-93F9-ACFF05B66830}.Debug|x86.ActiveCfg = Debug|Win32
		{7FD3004B-53CB-4E1B-93F9-ACFF05B66830}.Debug|x86.Build.0 = Debug|Win32
		{7FD3004B-53CB-4E1B-93F9-ACFF05B66830}.Release|x64.ActiveCfg = Release|x64
		{7FD3004B-53CB-4E1B-93F9-ACFF05B66830}.Release|x64.Build.0 = Release|x64
		{7FD3004B-53CB-4E1B-93F9-ACFF05B66830}.Release|x86.ActiveCfg = Release|Win32
		{7FD3004B-53CB-4E1B-93F9-ACFF05B66830}.Release|x86.Build.0 = Release|Win32
		{C140FA31-4C65-4596-81A5-0279B168F850}.Debug|x64.ActiveCfg = Debug|x64
		{C140FA31-4C65-4596-81A5-0279B168F850}.Debug|x64.Build.0 = Debug|x64
		{C140FA31-4C65-4596-81A5-0279B168F850}.Debug|x86.ActiveCfg = Debug|Win32
		{C140FA31-4C65-4596-81A5-0279B168F850}.Debug|x86.Build.0 = Debug|Win32
		{C140FA31-4C65-4596-81A5-0279B168F850}.Release|x64.ActiveCfg = Release|x64
		{C140FA31-4C65-4596-81A5-0279B168F850}.Release|x64.Build.0 = Release|x64
		{C140FA31-4C65-4596-81A5-0279B168F850}.Release|x86.ActiveCfg = Release|Win32
		{C140FA31-4C65-4596-81A5-0279B168F850}.Release|x86.Build.0 = Release|Win32
		{A685D9D4-6D5E-41FC-BBA5-15091A846715}.Debug|x64.ActiveCfg = Debug|x64
		{A685D9D4-6D5E-41FC-BBA5-15091A846715}.Debug|x64.Build.0 = Debug|x64
		{A685D9D4-6D5E-41FC-BBA5-15091A846715}.Debug|x86.ActiveCfg = Debug|Win32
		{A685D9D4-6D5E-41FC-BBA5-15091A846715}.Debug|x86.Build.0 = Debug|Win32
		{A685D9D4-6D5E-41FC-BBA5-15091A846715}.Release|x64.ActiveCfg = Release|x64
		{A685D9D4-6D5E-41FC-BBA5-15091A846715}.Release|x64.Build.0 = Release|x64
		{A685D9D4-6D5E-41FC-BBA5-15091A846715}.Release|x86.ActiveCfg = Release|Win32
		{A685D9D4-6D5E-41FC-BBA5-15091A846715}.Release|x86.Build.0 = Release|Win32
		{1FCF5346-9BCB-470D-B963-6E58ED95E453}.Debug|x64.ActiveCfg = Debug|x64
		{1FCF5346-9BCB-470D-B963-6E58ED95E453}.Debug|x64.Build.0 = Debug|x64
		{1FCF5346-9BCB-470D-B963-6E58ED95E453}.Debug|x86.ActiveCfg = Debug|Win32
		{1FCF5346-9BCB-470D-B963-6E58ED95E453}.Debug|x86.Build.0 = Debug|Win32
		{1FCF5346-9BCB-470D-B963-6E58ED95E453}.Release|x64.ActiveCfg = Release|x64
		{1FCF5346-9BCB-470D-B963-6E58ED95E453}.Release|x64.Build.0 = Release|x64
		{1FCF5346-9BCB-470D-B963-6E58ED95E453}.Release|x86.ActiveCfg = Release|Win32
		{1FCF5346-9BCB-470D-B963-6E58ED95E453}.Release|x86.Build.0 = Release|Win32
	EndGlobalSection
	GlobalSection(SolutionProperties) = preSolution
		HideSolutionNode = FALSE
	EndGlobalSection
	GlobalSection(ExtensibilityGlobals) = postSolution
		SolutionGuid = {92979D16-8943-4025-8333-6DC14F16B536}
	EndGlobalSection
EndGlobal
