
Microsoft Visual Studio Solution File, Format Version 12.00
# Visual Studio Version 16
VisualStudioVersion = 16.0.31105.61
MinimumVisualStudioVersion = 10.0.40219.1
Project("{8BC9CEB8-8B4A-11D0-8D11-00A0C91BC942}") = "TwoNumbersThatAddUp", "TwoNumbersThatAddUp\TwoNumbersThatAddUp.vcxproj", "{4F0F3876-06ED-4D74-89D3-A598ADDBF1F9}"
EndProject
Project("{8BC9CEB8-8B4A-11D0-8D11-00A0C91BC942}") = "AdditionalFiles", "AdditionalFiles\AdditionalFiles.vcxproj", "{BF331209-142F-4B0E-B97E-4460D630D2BB}"
EndProject
Project("{8BC9CEB8-8B4A-11D0-8D11-00A0C91BC942}") = "SearchInARotatedArray", "SearchInARotatedArray\SearchInARotatedArray.vcxproj", "{7CF5C22E-D9EA-4670-9D6D-C068D766EBD9}"
	ProjectSection(ProjectDependencies) = postProject
		{BF331209-142F-4B0E-B97E-4460D630D2BB} = {BF331209-142F-4B0E-B97E-4460D630D2BB}
	EndProjectSection
EndProject
Project("{8BC9CEB8-8B4A-11D0-8D11-00A0C91BC942}") = "GroupAnagrams", "GroupAnagrams\GroupAnagrams.vcxproj", "{C2D39769-0A70-4F08-9B11-42149433DBBB}"
EndProject
Project("{8BC9CEB8-8B4A-11D0-8D11-00A0C91BC942}") = "MedianOfSortedArrays", "MedianOfSortedArrays\MedianOfSortedArrays.vcxproj", "{9188A332-CBE3-4C4C-BF12-C08582CC7629}"
EndProject
Project("{8BC9CEB8-8B4A-11D0-8D11-00A0C91BC942}") = "SearchinSortedMatrix", "SearchinSortedMatrix\SearchinSortedMatrix.vcxproj", "{401745AF-1A5C-4BE4-8C38-49666C0A6710}"
EndProject
Project("{8BC9CEB8-8B4A-11D0-8D11-00A0C91BC942}") = "CountElementOccurrence", "CountElementOccurrence\CountElementOccurrence.vcxproj", "{737AF313-4BA9-47B1-9FF8-E736D844E86B}"
EndProject
Project("{8BC9CEB8-8B4A-11D0-8D11-00A0C91BC942}") = "SparseSearch", "SparseSearch\SparseSearch.vcxproj", "{B95937C2-12CE-4DA0-B1E7-C1B817553695}"
EndProject
Project("{8BC9CEB8-8B4A-11D0-8D11-00A0C91BC942}") = "DutchNationalFlagProblem", "DutchNationalFlagProblem\DutchNationalFlagProblem.vcxproj", "{622B1819-EB46-4564-A359-5E095EEAD863}"
EndProject
Project("{8BC9CEB8-8B4A-11D0-8D11-00A0C91BC942}") = "SearchInsertPosition", "SearchInsertPosition\SearchInsertPosition.vcxproj", "{7FD3004B-53CB-4E1B-93F9-ACFF05B66830}"
EndProject
Project("{8BC9CEB8-8B4A-11D0-8D11-00A0C91BC942}") = "BreadthFirstGraphTraversal", "BreadthFirstGraphTraversal\BreadthFirstGraphTraversal.vcxproj", "{C140FA31-4C65-4596-81A5-0279B168F850}"
EndProject
Project("{8BC9CEB8-8B4A-11D0-8D11-00A0C91BC942}") = "DepthFirstTraversal", "DepthFirstTraversal\DepthFirstTraversal.vcxproj", "{A685D9D4-6D5E-41FC-BBA5-15091A846715}"
EndProject
Project("{8BC9CEB8-8B4A-11D0-8D11-00A0C91BC942}") = "NodesOnLevel", "NodesOnLevel\NodesOnLevel.vcxproj", "{1FCF5346-9BCB-470D-B963-6E58ED95E453}"
EndProject
Project("{8BC9CEB8-8B4A-11D0-8D11-00A0C91BC942}") = "TransposeGraph", "TransposeGraph\TransposeGraph.vcxproj", "{01F696BA-5952-4341-B85B-BADF2C1EC860}"
EndProject
Project("{8BC9CEB8-8B4A-11D0-8D11-00A0C91BC942}") = "GraphProjects", "GraphProjects\GraphProjects.vcxproj", "{327E9B54-8587-42C2-BEC8-37D9F98323DE}"
EndProject
Project("{8BC9CEB8-8B4A-11D0-8D11-00A0C91BC942}") = "Greedy_ScheduleProblem", "Greedy_ScheduleProblem\Greedy_ScheduleProblem.vcxproj", "{A89F46BE-4F51-4559-B870-C27DA53423D6}"
EndProject
Project("{8BC9CEB8-8B4A-11D0-8D11-00A0C91BC942}") = "Greedy_CoinCount", "Greedy_CoinCount\Greedy_CoinCount.vcxproj", "{3A36E7F1-B7E4-43F8-914E-D3A4933670F8}"
EndProject
Project("{8BC9CEB8-8B4A-11D0-8D11-00A0C91BC942}") = "Greedy_NumPlatforms", "Greedy_NumPlatforms\Greedy_NumPlatforms.vcxproj", "{B151737F-3E67-4764-9297-CC40A67C36E6}"
EndProject
Project("{8BC9CEB8-8B4A-11D0-8D11-00A0C91BC942}") = "Greedy_Policemen", "Greedy_Policemen\Greedy_Policemen.vcxproj", "{C97ADEF2-19AA-4A24-8594-5A03E2B36B7E}"
EndProject
Project("{8BC9CEB8-8B4A-11D0-8D11-00A0C91BC942}") = "GraphColouring", "GraphColouring\GraphColouring.vcxproj", "{0E3A6A64-DF29-44D9-877B-69409B61C91F}"
EndProject
Project("{8BC9CEB8-8B4A-11D0-8D11-00A0C91BC942}") = "MinimumSpanningTree", "MinimumSpanningTree\MinimumSpanningTree.vcxproj", "{50E1078B-EB4D-433D-B81F-497E6F6B4478}"
EndProject
Project("{8BC9CEB8-8B4A-11D0-8D11-00A0C91BC942}") = "Dynamic_Fibonacci", "Dynamic_Fibonacci\Dynamic_Fibonacci.vcxproj", "{BB185347-898A-45AF-8464-C09AC046F070}"
EndProject
Project("{8BC9CEB8-8B4A-11D0-8D11-00A0C91BC942}") = "Dynamic_Staircase", "Dynamic_Staircase\Dynamic_Staircase.vcxproj", "{52BACD6B-57F7-4DA8-8AAB-3C05F03FB8DB}"
EndProject
Project("{8BC9CEB8-8B4A-11D0-8D11-00A0C91BC942}") = "Dynamic_Partition", "Dynamic_Partition\Dynamic_Partition.vcxproj", "{B4007130-36B6-44D0-8BB9-032D6886775C}"
EndProject
Project("{8BC9CEB8-8B4A-11D0-8D11-00A0C91BC942}") = "AveragePairInArray", "AveragePairInArray\AveragePairInArray.vcxproj", "{98E2D9CB-9CE0-49C7-9C5E-C5ADF6976EF1}"
EndProject
Global
	GlobalSection(SolutionConfigurationPlatforms) = preSolution
		Debug|x64 = Debug|x64
		Debug|x86 = Debug|x86
		Release|x64 = Release|x64
		Release|x86 = Release|x86
	EndGlobalSection
	GlobalSection(ProjectConfigurationPlatforms) = postSolution
		{4F0F3876-06ED-4D74-89D3-A598ADDBF1F9}.Debug|x64.ActiveCfg = Debug|x64
		{4F0F3876-06ED-4D74-89D3-A598ADDBF1F9}.Debug|x64.Build.0 = Debug|x64
		{4F0F3876-06ED-4D74-89D3-A598ADDBF1F9}.Debug|x86.ActiveCfg = Debug|Win32
		{4F0F3876-06ED-4D74-89D3-A598ADDBF1F9}.Debug|x86.Build.0 = Debug|Win32
		{4F0F3876-06ED-4D74-89D3-A598ADDBF1F9}.Release|x64.ActiveCfg = Release|x64
		{4F0F3876-06ED-4D74-89D3-A598ADDBF1F9}.Release|x64.Build.0 = Release|x64
		{4F0F3876-06ED-4D74-89D3-A598ADDBF1F9}.Release|x86.ActiveCfg = Release|Win32
		{4F0F3876-06ED-4D74-89D3-A598ADDBF1F9}.Release|x86.Build.0 = Release|Win32
		{BF331209-142F-4B0E-B97E-4460D630D2BB}.Debug|x64.ActiveCfg = Debug|x64
		{BF331209-142F-4B0E-B97E-4460D630D2BB}.Debug|x64.Build.0 = Debug|x64
		{BF331209-142F-4B0E-B97E-4460D630D2BB}.Debug|x86.ActiveCfg = Debug|Win32
		{BF331209-142F-4B0E-B97E-4460D630D2BB}.Debug|x86.Build.0 = Debug|Win32
		{BF331209-142F-4B0E-B97E-4460D630D2BB}.Release|x64.ActiveCfg = Release|x64
		{BF331209-142F-4B0E-B97E-4460D630D2BB}.Release|x64.Build.0 = Release|x64
		{BF331209-142F-4B0E-B97E-4460D630D2BB}.Release|x86.ActiveCfg = Release|Win32
		{BF331209-142F-4B0E-B97E-4460D630D2BB}.Release|x86.Build.0 = Release|Win32
		{7CF5C22E-D9EA-4670-9D6D-C068D766EBD9}.Debug|x64.ActiveCfg = Debug|x64
		{7CF5C22E-D9EA-4670-9D6D-C068D766EBD9}.Debug|x64.Build.0 = Debug|x64
		{7CF5C22E-D9EA-4670-9D6D-C068D766EBD9}.Debug|x86.ActiveCfg = Debug|Win32
		{7CF5C22E-D9EA-4670-9D6D-C068D766EBD9}.Debug|x86.Build.0 = Debug|Win32
		{7CF5C22E-D9EA-4670-9D6D-C068D766EBD9}.Release|x64.ActiveCfg = Release|x64
		{7CF5C22E-D9EA-4670-9D6D-C068D766EBD9}.Release|x64.Build.0 = Release|x64
		{7CF5C22E-D9EA-4670-9D6D-C068D766EBD9}.Release|x86.ActiveCfg = Release|Win32
		{7CF5C22E-D9EA-4670-9D6D-C068D766EBD9}.Release|x86.Build.0 = Release|Win32
		{C2D39769-0A70-4F08-9B11-42149433DBBB}.Debug|x64.ActiveCfg = Debug|x64
		{C2D39769-0A70-4F08-9B11-42149433DBBB}.Debug|x64.Build.0 = Debug|x64
		{C2D39769-0A70-4F08-9B11-42149433DBBB}.Debug|x86.ActiveCfg = Debug|Win32
		{C2D39769-0A70-4F08-9B11-42149433DBBB}.Debug|x86.Build.0 = Debug|Win32
		{C2D39769-0A70-4F08-9B11-42149433DBBB}.Release|x64.ActiveCfg = Release|x64
		{C2D39769-0A70-4F08-9B11-42149433DBBB}.Release|x64.Build.0 = Release|x64
		{C2D39769-0A70-4F08-9B11-42149433DBBB}.Release|x86.ActiveCfg = Release|Win32
		{C2D39769-0A70-4F08-9B11-42149433DBBB}.Release|x86.Build.0 = Release|Win32
		{9188A332-CBE3-4C4C-BF12-C08582CC7629}.Debug|x64.ActiveCfg = Debug|x64
		{9188A332-CBE3-4C4C-BF12-C08582CC7629}.Debug|x64.Build.0 = Debug|x64
		{9188A332-CBE3-4C4C-BF12-C08582CC7629}.Debug|x86.ActiveCfg = Debug|Win32
		{9188A332-CBE3-4C4C-BF12-C08582CC7629}.Debug|x86.Build.0 = Debug|Win32
		{9188A332-CBE3-4C4C-BF12-C08582CC7629}.Release|x64.ActiveCfg = Release|x64
		{9188A332-CBE3-4C4C-BF12-C08582CC7629}.Release|x64.Build.0 = Release|x64
		{9188A332-CBE3-4C4C-BF12-C08582CC7629}.Release|x86.ActiveCfg = Release|Win32
		{9188A332-CBE3-4C4C-BF12-C08582CC7629}.Release|x86.Build.0 = Release|Win32
		{401745AF-1A5C-4BE4-8C38-49666C0A6710}.Debug|x64.ActiveCfg = Debug|x64
		{401745AF-1A5C-4BE4-8C38-49666C0A6710}.Debug|x64.Build.0 = Debug|x64
		{401745AF-1A5C-4BE4-8C38-49666C0A6710}.Debug|x86.ActiveCfg = Debug|Win32
		{401745AF-1A5C-4BE4-8C38-49666C0A6710}.Debug|x86.Build.0 = Debug|Win32
		{401745AF-1A5C-4BE4-8C38-49666C0A6710}.Release|x64.ActiveCfg = Release|x64
		{401745AF-1A5C-4BE4-8C38-49666C0A6710}.Release|x64.Build.0 = Release|x64
		{401745AF-1A5C-4BE4-8C38-49666C0A6710}.Release|x86.ActiveCfg = Release|Win32
		{401745AF-1A5C-4BE4-8C38-49666C0A6710}.Release|x86.Build.0 = Release|Win32
		{737AF313-4BA9-47B1-9FF8-E736D844E86B}.Debug|x64.ActiveCfg = Debug|x64
		{737AF313-4BA9-47B1-9FF8-E736D844E86B}.Debug|x64.Build.0 = Debug|x64
		{737AF313-4BA9-47B1-9FF8-E736D844E86B}.Debug|x86.ActiveCfg = Debug|Win32
		{737AF313-4BA9-47B1-9FF8-E736D844E86B}.Debug|x86.Build.0 = Debug|Win32
		{737AF313-4BA9-47B1-9FF8-E736D844E86B}.Release|x64.ActiveCfg = Release|x64
		{737AF313-4BA9-47B1-9FF8-E736D844E86B}.Release|x64.Build.0 = Release|x64
		{737AF313-4BA9-47B1-9FF8-E736D844E86B}.Release|x86.ActiveCfg = Release|Win32
		{737AF313-4BA9-47B1-9FF8-E736D844E86B}.Release|x86.Build.0 = Release|Win32
		{B95937C2-12CE-4DA0-B1E7-C1B817553695}.Debug|x64.ActiveCfg = Debug|x64
		{B95937C2-12CE-4DA0-B1E7-C1B817553695}.Debug|x64.Build.0 = Debug|x64
		{B95937C2-12CE-4DA0-B1E7-C1B817553695}.Debug|x86.ActiveCfg = Debug|Win32
		{B95937C2-12CE-4DA0-B1E7-C1B817553695}.Debug|x86.Build.0 = Debug|Win32
		{B95937C2-12CE-4DA0-B1E7-C1B817553695}.Release|x64.ActiveCfg = Release|x64
		{B95937C2-12CE-4DA0-B1E7-C1B817553695}.Release|x64.Build.0 = Release|x64
		{B95937C2-12CE-4DA0-B1E7-C1B817553695}.Release|x86.ActiveCfg = Release|Win32
		{B95937C2-12CE-4DA0-B1E7-C1B817553695}.Release|x86.Build.0 = Release|Win32
		{622B1819-EB46-4564-A359-5E095EEAD863}.Debug|x64.ActiveCfg = Debug|x64
		{622B1819-EB46-4564-A359-5E095EEAD863}.Debug|x64.Build.0 = Debug|x64
		{622B1819-EB46-4564-A359-5E095EEAD863}.Debug|x86.ActiveCfg = Debug|Win32
		{622B1819-EB46-4564-A359-5E095EEAD863}.Debug|x86.Build.0 = Debug|Win32
		{622B1819-EB46-4564-A359-5E095EEAD863}.Release|x64.ActiveCfg = Release|x64
		{622B1819-EB46-4564-A359-5E095EEAD863}.Release|x64.Build.0 = Release|x64
		{622B1819-EB46-4564-A359-5E095EEAD863}.Release|x86.ActiveCfg = Release|Win32
		{622B1819-EB46-4564-A359-5E095EEAD863}.Release|x86.Build.0 = Release|Win32
		{7FD3004B-53CB-4E1B-93F9-ACFF05B66830}.Debug|x64.ActiveCfg = Debug|x64
		{7FD3004B-53CB-4E1B-93F9-ACFF05B66830}.Debug|x64.Build.0 = Debug|x64
		{7FD3004B-53CB-4E1B-93F9-ACFF05B66830}.Debug|x86.ActiveCfg = Debug|Win32
		{7FD3004B-53CB-4E1B-93F9-ACFF05B66830}.Debug|x86.Build.0 = Debug|Win32
		{7FD3004B-53CB-4E1B-93F9-ACFF05B66830}.Release|x64.ActiveCfg = Release|x64
		{7FD3004B-53CB-4E1B-93F9-ACFF05B66830}.Release|x64.Build.0 = Release|x64
		{7FD3004B-53CB-4E1B-93F9-ACFF05B66830}.Release|x86.ActiveCfg = Release|Win32
		{7FD3004B-53CB-4E1B-93F9-ACFF05B66830}.Release|x86.Build.0 = Release|Win32
		{C140FA31-4C65-4596-81A5-0279B168F850}.Debug|x64.ActiveCfg = Debug|x64
		{C140FA31-4C65-4596-81A5-0279B168F850}.Debug|x64.Build.0 = Debug|x64
		{C140FA31-4C65-4596-81A5-0279B168F850}.Debug|x86.ActiveCfg = Debug|Win32
		{C140FA31-4C65-4596-81A5-0279B168F850}.Debug|x86.Build.0 = Debug|Win32
		{C140FA31-4C65-4596-81A5-0279B168F850}.Release|x64.ActiveCfg = Release|x64
		{C140FA31-4C65-4596-81A5-0279B168F850}.Release|x64.Build.0 = Release|x64
		{C140FA31-4C65-4596-81A5-0279B168F850}.Release|x86.ActiveCfg = Release|Win32
		{C140FA31-4C65-4596-81A5-0279B168F850}.Release|x86.Build.0 = Release|Win32
		{A685D9D4-6D5E-41FC-BBA5-15091A846715}.Debug|x64.ActiveCfg = Debug|x64
		{A685D9D4-6D5E-41FC-BBA5-15091A846715}.Debug|x64.Build.0 = Debug|x64
		{A685D9D4-6D5E-41FC-BBA5-15091A846715}.Debug|x86.ActiveCfg = Debug|Win32
		{A685D9D4-6D5E-41FC-BBA5-15091A846715}.Debug|x86.Build.0 = Debug|Win32
		{A685D9D4-6D5E-41FC-BBA5-15091A846715}.Release|x64.ActiveCfg = Release|x64
		{A685D9D4-6D5E-41FC-BBA5-15091A846715}.Release|x64.Build.0 = Release|x64
		{A685D9D4-6D5E-41FC-BBA5-15091A846715}.Release|x86.ActiveCfg = Release|Win32
		{A685D9D4-6D5E-41FC-BBA5-15091A846715}.Release|x86.Build.0 = Release|Win32
		{1FCF5346-9BCB-470D-B963-6E58ED95E453}.Debug|x64.ActiveCfg = Debug|x64
		{1FCF5346-9BCB-470D-B963-6E58ED95E453}.Debug|x64.Build.0 = Debug|x64
		{1FCF5346-9BCB-470D-B963-6E58ED95E453}.Debug|x86.ActiveCfg = Debug|Win32
		{1FCF5346-9BCB-470D-B963-6E58ED95E453}.Debug|x86.Build.0 = Debug|Win32
		{1FCF5346-9BCB-470D-B963-6E58ED95E453}.Release|x64.ActiveCfg = Release|x64
		{1FCF5346-9BCB-470D-B963-6E58ED95E453}.Release|x64.Build.0 = Release|x64
		{1FCF5346-9BCB-470D-B963-6E58ED95E453}.Release|x86.ActiveCfg = Release|Win32
		{1FCF5346-9BCB-470D-B963-6E58ED95E453}.Release|x86.Build.0 = Release|Win32
		{01F696BA-5952-4341-B85B-BADF2C1EC860}.Debug|x64.ActiveCfg = Debug|x64
		{01F696BA-5952-4341-B85B-BADF2C1EC860}.Debug|x64.Build.0 = Debug|x64
		{01F696BA-5952-4341-B85B-BADF2C1EC860}.Debug|x86.ActiveCfg = Debug|Win32
		{01F696BA-5952-4341-B85B-BADF2C1EC860}.Debug|x86.Build.0 = Debug|Win32
		{01F696BA-5952-4341-B85B-BADF2C1EC860}.Release|x64.ActiveCfg = Release|x64
		{01F696BA-5952-4341-B85B-BADF2C1EC860}.Release|x64.Build.0 = Release|x64
		{01F696BA-5952-4341-B85B-BADF2C1EC860}.Release|x86.ActiveCfg = Release|Win32
		{01F696BA-5952-4341-B85B-BADF2C1EC860}.Release|x86.Build.0 = Release|Win32
		{327E9B54-8587-42C2-BEC8-37D9F98323DE}.Debug|x64.ActiveCfg = Debug|x64
		{327E9B54-8587-42C2-BEC8-37D9F98323DE}.Debug|x64.Build.0 = Debug|x64
		{327E9B54-8587-42C2-BEC8-37D9F98323DE}.Debug|x86.ActiveCfg = Debug|Win32
		{327E9B54-8587-42C2-BEC8-37D9F98323DE}.Debug|x86.Build.0 = Debug|Win32
		{327E9B54-8587-42C2-BEC8-37D9F98323DE}.Release|x64.ActiveCfg = Release|x64
		{327E9B54-8587-42C2-BEC8-37D9F98323DE}.Release|x64.Build.0 = Release|x64
		{327E9B54-8587-42C2-BEC8-37D9F98323DE}.Release|x86.ActiveCfg = Release|Win32
		{327E9B54-8587-42C2-BEC8-37D9F98323DE}.Release|x86.Build.0 = Release|Win32
		{A89F46BE-4F51-4559-B870-C27DA53423D6}.Debug|x64.ActiveCfg = Debug|x64
		{A89F46BE-4F51-4559-B870-C27DA53423D6}.Debug|x64.Build.0 = Debug|x64
		{A89F46BE-4F51-4559-B870-C27DA53423D6}.Debug|x86.ActiveCfg = Debug|Win32
		{A89F46BE-4F51-4559-B870-C27DA53423D6}.Debug|x86.Build.0 = Debug|Win32
		{A89F46BE-4F51-4559-B870-C27DA53423D6}.Release|x64.ActiveCfg = Release|x64
		{A89F46BE-4F51-4559-B870-C27DA53423D6}.Release|x64.Build.0 = Release|x64
		{A89F46BE-4F51-4559-B870-C27DA53423D6}.Release|x86.ActiveCfg = Release|Win32
		{A89F46BE-4F51-4559-B870-C27DA53423D6}.Release|x86.Build.0 = Release|Win32
		{3A36E7F1-B7E4-43F8-914E-D3A4933670F8}.Debug|x64.ActiveCfg = Debug|x64
		{3A36E7F1-B7E4-43F8-914E-D3A4933670F8}.Debug|x64.Build.0 = Debug|x64
		{3A36E7F1-B7E4-43F8-914E-D3A4933670F8}.Debug|x86.ActiveCfg = Debug|Win32
		{3A36E7F1-B7E4-43F8-914E-D3A4933670F8}.Debug|x86.Build.0 = Debug|Win32
		{3A36E7F1-B7E4-43F8-914E-D3A4933670F8}.Release|x64.ActiveCfg = Release|x64
		{3A36E7F1-B7E4-43F8-914E-D3A4933670F8}.Release|x64.Build.0 = Release|x64
		{3A36E7F1-B7E4-43F8-914E-D3A4933670F8}.Release|x86.ActiveCfg = Release|Win32
		{3A36E7F1-B7E4-43F8-914E-D3A4933670F8}.Release|x86.Build.0 = Release|Win32
		{B151737F-3E67-4764-9297-CC40A67C36E6}.Debug|x64.ActiveCfg = Debug|x64
		{B151737F-3E67-4764-9297-CC40A67C36E6}.Debug|x64.Build.0 = Debug|x64
		{B151737F-3E67-4764-9297-CC40A67C36E6}.Debug|x86.ActiveCfg = Debug|Win32
		{B151737F-3E67-4764-9297-CC40A67C36E6}.Debug|x86.Build.0 = Debug|Win32
		{B151737F-3E67-4764-9297-CC40A67C36E6}.Release|x64.ActiveCfg = Release|x64
		{B151737F-3E67-4764-9297-CC40A67C36E6}.Release|x64.Build.0 = Release|x64
		{B151737F-3E67-4764-9297-CC40A67C36E6}.Release|x86.ActiveCfg = Release|Win32
		{B151737F-3E67-4764-9297-CC40A67C36E6}.Release|x86.Build.0 = Release|Win32
		{C97ADEF2-19AA-4A24-8594-5A03E2B36B7E}.Debug|x64.ActiveCfg = Debug|x64
		{C97ADEF2-19AA-4A24-8594-5A03E2B36B7E}.Debug|x64.Build.0 = Debug|x64
		{C97ADEF2-19AA-4A24-8594-5A03E2B36B7E}.Debug|x86.ActiveCfg = Debug|Win32
		{C97ADEF2-19AA-4A24-8594-5A03E2B36B7E}.Debug|x86.Build.0 = Debug|Win32
		{C97ADEF2-19AA-4A24-8594-5A03E2B36B7E}.Release|x64.ActiveCfg = Release|x64
		{C97ADEF2-19AA-4A24-8594-5A03E2B36B7E}.Release|x64.Build.0 = Release|x64
		{C97ADEF2-19AA-4A24-8594-5A03E2B36B7E}.Release|x86.ActiveCfg = Release|Win32
		{C97ADEF2-19AA-4A24-8594-5A03E2B36B7E}.Release|x86.Build.0 = Release|Win32
		{0E3A6A64-DF29-44D9-877B-69409B61C91F}.Debug|x64.ActiveCfg = Debug|x64
		{0E3A6A64-DF29-44D9-877B-69409B61C91F}.Debug|x64.Build.0 = Debug|x64
		{0E3A6A64-DF29-44D9-877B-69409B61C91F}.Debug|x86.ActiveCfg = Debug|Win32
		{0E3A6A64-DF29-44D9-877B-69409B61C91F}.Debug|x86.Build.0 = Debug|Win32
		{0E3A6A64-DF29-44D9-877B-69409B61C91F}.Release|x64.ActiveCfg = Release|x64
		{0E3A6A64-DF29-44D9-877B-69409B61C91F}.Release|x64.Build.0 = Release|x64
		{0E3A6A64-DF29-44D9-877B-69409B61C91F}.Release|x86.ActiveCfg = Release|Win32
		{0E3A6A64-DF29-44D9-877B-69409B61C91F}.Release|x86.Build.0 = Release|Win32
		{50E1078B-EB4D-433D-B81F-497E6F6B4478}.Debug|x64.ActiveCfg = Debug|x64
		{50E1078B-EB4D-433D-B81F-497E6F6B4478}.Debug|x64.Build.0 = Debug|x64
		{50E1078B-EB4D-433D-B81F-497E6F6B4478}.Debug|x86.ActiveCfg = Debug|Win32
		{50E1078B-EB4D-433D-B81F-497E6F6B4478}.Debug|x86.Build.0 = Debug|Win32
		{50E1078B-EB4D-433D-B81F-497E6F6B4478}.Release|x64.ActiveCfg = Release|x64
		{50E1078B-EB4D-433D-B81F-497E6F6B4478}.Release|x64.Build.0 = Release|x64
		{50E1078B-EB4D-433D-B81F-497E6F6B4478}.Release|x86.ActiveCfg = Release|Win32
		{50E1078B-EB4D-433D-B81F-497E6F6B4478}.Release|x86.Build.0 = Release|Win32
		{BB185347-898A-45AF-8464-C09AC046F070}.Debug|x64.ActiveCfg = Debug|x64
		{BB185347-898A-45AF-8464-C09AC046F070}.Debug|x64.Build.0 = Debug|x64
		{BB185347-898A-45AF-8464-C09AC046F070}.Debug|x86.ActiveCfg = Debug|Win32
		{BB185347-898A-45AF-8464-C09AC046F070}.Debug|x86.Build.0 = Debug|Win32
		{BB185347-898A-45AF-8464-C09AC046F070}.Release|x64.ActiveCfg = Release|x64
		{BB185347-898A-45AF-8464-C09AC046F070}.Release|x64.Build.0 = Release|x64
		{BB185347-898A-45AF-8464-C09AC046F070}.Release|x86.ActiveCfg = Release|Win32
		{BB185347-898A-45AF-8464-C09AC046F070}.Release|x86.Build.0 = Release|Win32
		{52BACD6B-57F7-4DA8-8AAB-3C05F03FB8DB}.Debug|x64.ActiveCfg = Debug|x64
		{52BACD6B-57F7-4DA8-8AAB-3C05F03FB8DB}.Debug|x64.Build.0 = Debug|x64
		{52BACD6B-57F7-4DA8-8AAB-3C05F03FB8DB}.Debug|x86.ActiveCfg = Debug|Win32
		{52BACD6B-57F7-4DA8-8AAB-3C05F03FB8DB}.Debug|x86.Build.0 = Debug|Win32
		{52BACD6B-57F7-4DA8-8AAB-3C05F03FB8DB}.Release|x64.ActiveCfg = Release|x64
		{52BACD6B-57F7-4DA8-8AAB-3C05F03FB8DB}.Release|x64.Build.0 = Release|x64
		{52BACD6B-57F7-4DA8-8AAB-3C05F03FB8DB}.Release|x86.ActiveCfg = Release|Win32
		{52BACD6B-57F7-4DA8-8AAB-3C05F03FB8DB}.Release|x86.Build.0 = Release|Win32
		{B4007130-36B6-44D0-8BB9-032D6886775C}.Debug|x64.ActiveCfg = Debug|x64
		{B4007130-36B6-44D0-8BB9-032D6886775C}.Debug|x64.Build.0 = Debug|x64
		{B4007130-36B6-44D0-8BB9-032D6886775C}.Debug|x86.ActiveCfg = Debug|Win32
		{B4007130-36B6-44D0-8BB9-032D6886775C}.Debug|x86.Build.0 = Debug|Win32
		{B4007130-36B6-44D0-8BB9-032D6886775C}.Release|x64.ActiveCfg = Release|x64
		{B4007130-36B6-44D0-8BB9-032D6886775C}.Release|x64.Build.0 = Release|x64
		{B4007130-36B6-44D0-8BB9-032D6886775C}.Release|x86.ActiveCfg = Release|Win32
		{B4007130-36B6-44D0-8BB9-032D6886775C}.Release|x86.Build.0 = Release|Win32
		{98E2D9CB-9CE0-49C7-9C5E-C5ADF6976EF1}.Debug|x64.ActiveCfg = Debug|x64
		{98E2D9CB-9CE0-49C7-9C5E-C5ADF6976EF1}.Debug|x64.Build.0 = Debug|x64
		{98E2D9CB-9CE0-49C7-9C5E-C5ADF6976EF1}.Debug|x86.ActiveCfg = Debug|Win32
		{98E2D9CB-9CE0-49C7-9C5E-C5ADF6976EF1}.Debug|x86.Build.0 = Debug|Win32
		{98E2D9CB-9CE0-49C7-9C5E-C5ADF6976EF1}.Release|x64.ActiveCfg = Release|x64
		{98E2D9CB-9CE0-49C7-9C5E-C5ADF6976EF1}.Release|x64.Build.0 = Release|x64
		{98E2D9CB-9CE0-49C7-9C5E-C5ADF6976EF1}.Release|x86.ActiveCfg = Release|Win32
		{98E2D9CB-9CE0-49C7-9C5E-C5ADF6976EF1}.Release|x86.Build.0 = Release|Win32
	EndGlobalSection
	GlobalSection(SolutionProperties) = preSolution
		HideSolutionNode = FALSE
	EndGlobalSection
	GlobalSection(ExtensibilityGlobals) = postSolution
		SolutionGuid = {92979D16-8943-4025-8333-6DC14F16B536}
	EndGlobalSection
EndGlobal
